
Microsoft Visual Studio Solution File, Format Version 12.00
# Visual Studio Version 16
VisualStudioVersion = 16.0.31402.337
MinimumVisualStudioVersion = 10.0.40219.1
Project("{9A19103F-16F7-4668-BE54-9A1E7A4F7556}") = "WebMVC1", "WebMVC1\WebMVC1.csproj", "{EBC06C29-3A96-4676-8B00-71AC2AC56BF8}"
EndProject
Project("{FAE04EC0-301F-11D3-BF4B-00C04F79EFBC}") = "WebMvc", "WebMvc\WebMvc.csproj", "{EA825FD1-80E5-4467-BF87-1A3C5D80C7D4}"
EndProject
Global
	GlobalSection(SolutionConfigurationPlatforms) = preSolution
		Debug|Any CPU = Debug|Any CPU
		Release|Any CPU = Release|Any CPU
	EndGlobalSection
	GlobalSection(ProjectConfigurationPlatforms) = postSolution
		{EBC06C29-3A96-4676-8B00-71AC2AC56BF8}.Debug|Any CPU.ActiveCfg = Debug|Any CPU
		{EBC06C29-3A96-4676-8B00-71AC2AC56BF8}.Debug|Any CPU.Build.0 = Debug|Any CPU
		{EBC06C29-3A96-4676-8B00-71AC2AC56BF8}.Release|Any CPU.ActiveCfg = Release|Any CPU
		{EBC06C29-3A96-4676-8B00-71AC2AC56BF8}.Release|Any CPU.Build.0 = Release|Any CPU
		{EA825FD1-80E5-4467-BF87-1A3C5D80C7D4}.Debug|Any CPU.ActiveCfg = Debug|Any CPU
		{EA825FD1-80E5-4467-BF87-1A3C5D80C7D4}.Debug|Any CPU.Build.0 = Debug|Any CPU
		{EA825FD1-80E5-4467-BF87-1A3C5D80C7D4}.Release|Any CPU.ActiveCfg = Release|Any CPU
		{EA825FD1-80E5-4467-BF87-1A3C5D80C7D4}.Release|Any CPU.Build.0 = Release|Any CPU
	EndGlobalSection
	GlobalSection(SolutionProperties) = preSolution
		HideSolutionNode = FALSE
	EndGlobalSection
	GlobalSection(ExtensibilityGlobals) = postSolution
		SolutionGuid = {FCDE55B2-0920-4851-9F15-2BAA23A72968}
	EndGlobalSection
EndGlobal
